// !$*UTF8*$!
{
	archiveVersion = 1;
	classes = {
	};
	objectVersion = 50;
	objects = {

/* Begin PBXBuildFile section */
		AAFC44F826F53A4B0098F1E9 /* DevoteApp.swift in Sources */ = {isa = PBXBuildFile; fileRef = AAFC44F726F53A4B0098F1E9 /* DevoteApp.swift */; };
		AAFC44FA26F53A4B0098F1E9 /* ContentView.swift in Sources */ = {isa = PBXBuildFile; fileRef = AAFC44F926F53A4B0098F1E9 /* ContentView.swift */; };
		AAFC44FC26F53A4C0098F1E9 /* Assets.xcassets in Resources */ = {isa = PBXBuildFile; fileRef = AAFC44FB26F53A4C0098F1E9 /* Assets.xcassets */; };
		AAFC44FF26F53A4C0098F1E9 /* Preview Assets.xcassets in Resources */ = {isa = PBXBuildFile; fileRef = AAFC44FE26F53A4C0098F1E9 /* Preview Assets.xcassets */; };
		AAFC450126F53A4C0098F1E9 /* Persistence.swift in Sources */ = {isa = PBXBuildFile; fileRef = AAFC450026F53A4C0098F1E9 /* Persistence.swift */; };
		AAFC450426F53A4C0098F1E9 /* Devote.xcdatamodeld in Sources */ = {isa = PBXBuildFile; fileRef = AAFC450226F53A4C0098F1E9 /* Devote.xcdatamodeld */; };
		AAFC450E26F5B6B70098F1E9 /* sound-tap.mp3 in Resources */ = {isa = PBXBuildFile; fileRef = AAFC450B26F5B6B70098F1E9 /* sound-tap.mp3 */; };
		AAFC450F26F5B6B70098F1E9 /* sound-ding.mp3 in Resources */ = {isa = PBXBuildFile; fileRef = AAFC450C26F5B6B70098F1E9 /* sound-ding.mp3 */; };
		AAFC451026F5B6B70098F1E9 /* sound-rise.mp3 in Resources */ = {isa = PBXBuildFile; fileRef = AAFC450D26F5B6B70098F1E9 /* sound-rise.mp3 */; };
/* End PBXBuildFile section */

/* Begin PBXFileReference section */
		AAFC44F426F53A4B0098F1E9 /* Devote.app */ = {isa = PBXFileReference; explicitFileType = wrapper.application; includeInIndex = 0; path = Devote.app; sourceTree = BUILT_PRODUCTS_DIR; };
		AAFC44F726F53A4B0098F1E9 /* DevoteApp.swift */ = {isa = PBXFileReference; lastKnownFileType = sourcecode.swift; path = DevoteApp.swift; sourceTree = "<group>"; };
		AAFC44F926F53A4B0098F1E9 /* ContentView.swift */ = {isa = PBXFileReference; lastKnownFileType = sourcecode.swift; path = ContentView.swift; sourceTree = "<group>"; };
		AAFC44FB26F53A4C0098F1E9 /* Assets.xcassets */ = {isa = PBXFileReference; lastKnownFileType = folder.assetcatalog; path = Assets.xcassets; sourceTree = "<group>"; };
		AAFC44FE26F53A4C0098F1E9 /* Preview Assets.xcassets */ = {isa = PBXFileReference; lastKnownFileType = folder.assetcatalog; path = "Preview Assets.xcassets"; sourceTree = "<group>"; };
		AAFC450026F53A4C0098F1E9 /* Persistence.swift */ = {isa = PBXFileReference; lastKnownFileType = sourcecode.swift; path = Persistence.swift; sourceTree = "<group>"; };
		AAFC450326F53A4C0098F1E9 /* Devote.xcdatamodel */ = {isa = PBXFileReference; lastKnownFileType = wrapper.xcdatamodel; path = Devote.xcdatamodel; sourceTree = "<group>"; };
		AAFC450526F53A4C0098F1E9 /* Info.plist */ = {isa = PBXFileReference; lastKnownFileType = text.plist.xml; path = Info.plist; sourceTree = "<group>"; };
		AAFC450B26F5B6B70098F1E9 /* sound-tap.mp3 */ = {isa = PBXFileReference; lastKnownFileType = audio.mp3; path = "sound-tap.mp3"; sourceTree = "<group>"; };
		AAFC450C26F5B6B70098F1E9 /* sound-ding.mp3 */ = {isa = PBXFileReference; lastKnownFileType = audio.mp3; path = "sound-ding.mp3"; sourceTree = "<group>"; };
		AAFC450D26F5B6B70098F1E9 /* sound-rise.mp3 */ = {isa = PBXFileReference; lastKnownFileType = audio.mp3; path = "sound-rise.mp3"; sourceTree = "<group>"; };
/* End PBXFileReference section */

/* Begin PBXFrameworksBuildPhase section */
		AAFC44F126F53A4B0098F1E9 /* Frameworks */ = {
			isa = PBXFrameworksBuildPhase;
			buildActionMask = 2147483647;
			files = (
			);
			runOnlyForDeploymentPostprocessing = 0;
		};
/* End PBXFrameworksBuildPhase section */

/* Begin PBXGroup section */
		AAFC44EB26F53A4B0098F1E9 = {
			isa = PBXGroup;
			children = (
				AAFC44F626F53A4B0098F1E9 /* Devote */,
				AAFC44F526F53A4B0098F1E9 /* Products */,
			);
			sourceTree = "<group>";
		};
		AAFC44F526F53A4B0098F1E9 /* Products */ = {
			isa = PBXGroup;
			children = (
				AAFC44F426F53A4B0098F1E9 /* Devote.app */,
			);
			name = Products;
			sourceTree = "<group>";
		};
		AAFC44F626F53A4B0098F1E9 /* Devote */ = {
			isa = PBXGroup;
			children = (
				AAFC451526F5B7000098F1E9 /* Style */,
				AAFC451426F5B6F90098F1E9 /* Utility */,
				AAFC451326F5B6F30098F1E9 /* Extension */,
				AAFC451226F5B6EB0098F1E9 /* View */,
				AAFC451126F5B6DF0098F1E9 /* Sound */,
				AAFC451626F5B7110098F1E9 /* Model */,
				AAFC44F726F53A4B0098F1E9 /* DevoteApp.swift */,
				AAFC44FB26F53A4C0098F1E9 /* Assets.xcassets */,
				AAFC450526F53A4C0098F1E9 /* Info.plist */,
				AAFC44FD26F53A4C0098F1E9 /* Preview Content */,
			);
			path = Devote;
			sourceTree = "<group>";
		};
		AAFC44FD26F53A4C0098F1E9 /* Preview Content */ = {
			isa = PBXGroup;
			children = (
				AAFC44FE26F53A4C0098F1E9 /* Preview Assets.xcassets */,
			);
			path = "Preview Content";
			sourceTree = "<group>";
		};
		AAFC451126F5B6DF0098F1E9 /* Sound */ = {
			isa = PBXGroup;
			children = (
				AAFC450C26F5B6B70098F1E9 /* sound-ding.mp3 */,
				AAFC450D26F5B6B70098F1E9 /* sound-rise.mp3 */,
				AAFC450B26F5B6B70098F1E9 /* sound-tap.mp3 */,
			);
			path = Sound;
			sourceTree = "<group>";
		};
		AAFC451226F5B6EB0098F1E9 /* View */ = {
			isa = PBXGroup;
			children = (
				AAFC44F926F53A4B0098F1E9 /* ContentView.swift */,
			);
			path = View;
			sourceTree = "<group>";
		};
		AAFC451326F5B6F30098F1E9 /* Extension */ = {
			isa = PBXGroup;
			children = (
			);
			path = Extension;
			sourceTree = "<group>";
		};
		AAFC451426F5B6F90098F1E9 /* Utility */ = {
			isa = PBXGroup;
			children = (
			);
			path = Utility;
			sourceTree = "<group>";
		};
		AAFC451526F5B7000098F1E9 /* Style */ = {
			isa = PBXGroup;
			children = (
			);
			path = Style;
			sourceTree = "<group>";
		};
		AAFC451626F5B7110098F1E9 /* Model */ = {
			isa = PBXGroup;
			children = (
				AAFC450026F53A4C0098F1E9 /* Persistence.swift */,
				AAFC450226F53A4C0098F1E9 /* Devote.xcdatamodeld */,
			);
			path = Model;
			sourceTree = "<group>";
		};
/* End PBXGroup section */

/* Begin PBXNativeTarget section */
		AAFC44F326F53A4B0098F1E9 /* Devote */ = {
			isa = PBXNativeTarget;
			buildConfigurationList = AAFC450826F53A4C0098F1E9 /* Build configuration list for PBXNativeTarget "Devote" */;
			buildPhases = (
				AAFC44F026F53A4B0098F1E9 /* Sources */,
				AAFC44F126F53A4B0098F1E9 /* Frameworks */,
				AAFC44F226F53A4B0098F1E9 /* Resources */,
			);
			buildRules = (
			);
			dependencies = (
			);
			name = Devote;
			productName = Devote;
			productReference = AAFC44F426F53A4B0098F1E9 /* Devote.app */;
			productType = "com.apple.product-type.application";
		};
/* End PBXNativeTarget section */

/* Begin PBXProject section */
		AAFC44EC26F53A4B0098F1E9 /* Project object */ = {
			isa = PBXProject;
			attributes = {
				LastSwiftUpdateCheck = 1250;
				LastUpgradeCheck = 1250;
				TargetAttributes = {
					AAFC44F326F53A4B0098F1E9 = {
						CreatedOnToolsVersion = 12.5.1;
					};
				};
			};
			buildConfigurationList = AAFC44EF26F53A4B0098F1E9 /* Build configuration list for PBXProject "Devote" */;
			compatibilityVersion = "Xcode 9.3";
			developmentRegion = en;
			hasScannedForEncodings = 0;
			knownRegions = (
				en,
				Base,
			);
			mainGroup = AAFC44EB26F53A4B0098F1E9;
			productRefGroup = AAFC44F526F53A4B0098F1E9 /* Products */;
			projectDirPath = "";
			projectRoot = "";
			targets = (
				AAFC44F326F53A4B0098F1E9 /* Devote */,
			);
		};
/* End PBXProject section */

/* Begin PBXResourcesBuildPhase section */
		AAFC44F226F53A4B0098F1E9 /* Resources */ = {
			isa = PBXResourcesBuildPhase;
			buildActionMask = 2147483647;
			files = (
				AAFC451026F5B6B70098F1E9 /* sound-rise.mp3 in Resources */,
				AAFC450F26F5B6B70098F1E9 /* sound-ding.mp3 in Resources */,
				AAFC450E26F5B6B70098F1E9 /* sound-tap.mp3 in Resources */,
				AAFC44FF26F53A4C0098F1E9 /* Preview Assets.xcassets in Resources */,
				AAFC44FC26F53A4C0098F1E9 /* Assets.xcassets in Resources */,
			);
			runOnlyForDeploymentPostprocessing = 0;
		};
/* End PBXResourcesBuildPhase section */

/* Begin PBXSourcesBuildPhase section */
		AAFC44F026F53A4B0098F1E9 /* Sources */ = {
			isa = PBXSourcesBuildPhase;
			buildActionMask = 2147483647;
			files = (
				AAFC450126F53A4C0098F1E9 /* Persistence.swift in Sources */,
				AAFC44FA26F53A4B0098F1E9 /* ContentView.swift in Sources */,
				AAFC450426F53A4C0098F1E9 /* Devote.xcdatamodeld in Sources */,
				AAFC44F826F53A4B0098F1E9 /* DevoteApp.swift in Sources */,
			);
			runOnlyForDeploymentPostprocessing = 0;
		};
/* End PBXSourcesBuildPhase section */

/* Begin XCBuildConfiguration section */
		AAFC450626F53A4C0098F1E9 /* Debug */ = {
			isa = XCBuildConfiguration;
			buildSettings = {
				ALWAYS_SEARCH_USER_PATHS = NO;
				CLANG_ANALYZER_NONNULL = YES;
				CLANG_ANALYZER_NUMBER_OBJECT_CONVERSION = YES_AGGRESSIVE;
				CLANG_CXX_LANGUAGE_STANDARD = "gnu++14";
				CLANG_CXX_LIBRARY = "libc++";
				CLANG_ENABLE_MODULES = YES;
				CLANG_ENABLE_OBJC_ARC = YES;
				CLANG_ENABLE_OBJC_WEAK = YES;
				CLANG_WARN_BLOCK_CAPTURE_AUTORELEASING = YES;
				CLANG_WARN_BOOL_CONVERSION = YES;
				CLANG_WARN_COMMA = YES;
				CLANG_WARN_CONSTANT_CONVERSION = YES;
				CLANG_WARN_DEPRECATED_OBJC_IMPLEMENTATIONS = YES;
				CLANG_WARN_DIRECT_OBJC_ISA_USAGE = YES_ERROR;
				CLANG_WARN_DOCUMENTATION_COMMENTS = YES;
				CLANG_WARN_EMPTY_BODY = YES;
				CLANG_WARN_ENUM_CONVERSION = YES;
				CLANG_WARN_INFINITE_RECURSION = YES;
				CLANG_WARN_INT_CONVERSION = YES;
				CLANG_WARN_NON_LITERAL_NULL_CONVERSION = YES;
				CLANG_WARN_OBJC_IMPLICIT_RETAIN_SELF = YES;
				CLANG_WARN_OBJC_LITERAL_CONVERSION = YES;
				CLANG_WARN_OBJC_ROOT_CLASS = YES_ERROR;
				CLANG_WARN_QUOTED_INCLUDE_IN_FRAMEWORK_HEADER = YES;
				CLANG_WARN_RANGE_LOOP_ANALYSIS = YES;
				CLANG_WARN_STRICT_PROTOTYPES = YES;
				CLANG_WARN_SUSPICIOUS_MOVE = YES;
				CLANG_WARN_UNGUARDED_AVAILABILITY = YES_AGGRESSIVE;
				CLANG_WARN_UNREACHABLE_CODE = YES;
				CLANG_WARN__DUPLICATE_METHOD_MATCH = YES;
				COPY_PHASE_STRIP = NO;
				DEBUG_INFORMATION_FORMAT = dwarf;
				ENABLE_STRICT_OBJC_MSGSEND = YES;
				ENABLE_TESTABILITY = YES;
				GCC_C_LANGUAGE_STANDARD = gnu11;
				GCC_DYNAMIC_NO_PIC = NO;
				GCC_NO_COMMON_BLOCKS = YES;
				GCC_OPTIMIZATION_LEVEL = 0;
				GCC_PREPROCESSOR_DEFINITIONS = (
					"DEBUG=1",
					"$(inherited)",
				);
				GCC_WARN_64_TO_32_BIT_CONVERSION = YES;
				GCC_WARN_ABOUT_RETURN_TYPE = YES_ERROR;
				GCC_WARN_UNDECLARED_SELECTOR = YES;
				GCC_WARN_UNINITIALIZED_AUTOS = YES_AGGRESSIVE;
				GCC_WARN_UNUSED_FUNCTION = YES;
				GCC_WARN_UNUSED_VARIABLE = YES;
				IPHONEOS_DEPLOYMENT_TARGET = 14.5;
				MTL_ENABLE_DEBUG_INFO = INCLUDE_SOURCE;
				MTL_FAST_MATH = YES;
				ONLY_ACTIVE_ARCH = YES;
				SDKROOT = iphoneos;
				SWIFT_ACTIVE_COMPILATION_CONDITIONS = DEBUG;
				SWIFT_OPTIMIZATION_LEVEL = "-Onone";
			};
			name = Debug;
		};
		AAFC450726F53A4C0098F1E9 /* Release */ = {
			isa = XCBuildConfiguration;
			buildSettings = {
				ALWAYS_SEARCH_USER_PATHS = NO;
				CLANG_ANALYZER_NONNULL = YES;
				CLANG_ANALYZER_NUMBER_OBJECT_CONVERSION = YES_AGGRESSIVE;
				CLANG_CXX_LANGUAGE_STANDARD = "gnu++14";
				CLANG_CXX_LIBRARY = "libc++";
				CLANG_ENABLE_MODULES = YES;
				CLANG_ENABLE_OBJC_ARC = YES;
				CLANG_ENABLE_OBJC_WEAK = YES;
				CLANG_WARN_BLOCK_CAPTURE_AUTORELEASING = YES;
				CLANG_WARN_BOOL_CONVERSION = YES;
				CLANG_WARN_COMMA = YES;
				CLANG_WARN_CONSTANT_CONVERSION = YES;
				CLANG_WARN_DEPRECATED_OBJC_IMPLEMENTATIONS = YES;
				CLANG_WARN_DIRECT_OBJC_ISA_USAGE = YES_ERROR;
				CLANG_WARN_DOCUMENTATION_COMMENTS = YES;
				CLANG_WARN_EMPTY_BODY = YES;
				CLANG_WARN_ENUM_CONVERSION = YES;
				CLANG_WARN_INFINITE_RECURSION = YES;
				CLANG_WARN_INT_CONVERSION = YES;
				CLANG_WARN_NON_LITERAL_NULL_CONVERSION = YES;
				CLANG_WARN_OBJC_IMPLICIT_RETAIN_SELF = YES;
				CLANG_WARN_OBJC_LITERAL_CONVERSION = YES;
				CLANG_WARN_OBJC_ROOT_CLASS = YES_ERROR;
				CLANG_WARN_QUOTED_INCLUDE_IN_FRAMEWORK_HEADER = YES;
				CLANG_WARN_RANGE_LOOP_ANALYSIS = YES;
				CLANG_WARN_STRICT_PROTOTYPES = YES;
				CLANG_WARN_SUSPICIOUS_MOVE = YES;
				CLANG_WARN_UNGUARDED_AVAILABILITY = YES_AGGRESSIVE;
				CLANG_WARN_UNREACHABLE_CODE = YES;
				CLANG_WARN__DUPLICATE_METHOD_MATCH = YES;
				COPY_PHASE_STRIP = NO;
				DEBUG_INFORMATION_FORMAT = "dwarf-with-dsym";
				ENABLE_NS_ASSERTIONS = NO;
				ENABLE_STRICT_OBJC_MSGSEND = YES;
				GCC_C_LANGUAGE_STANDARD = gnu11;
				GCC_NO_COMMON_BLOCKS = YES;
				GCC_WARN_64_TO_32_BIT_CONVERSION = YES;
				GCC_WARN_ABOUT_RETURN_TYPE = YES_ERROR;
				GCC_WARN_UNDECLARED_SELECTOR = YES;
				GCC_WARN_UNINITIALIZED_AUTOS = YES_AGGRESSIVE;
				GCC_WARN_UNUSED_FUNCTION = YES;
				GCC_WARN_UNUSED_VARIABLE = YES;
				IPHONEOS_DEPLOYMENT_TARGET = 14.5;
				MTL_ENABLE_DEBUG_INFO = NO;
				MTL_FAST_MATH = YES;
				SDKROOT = iphoneos;
				SWIFT_COMPILATION_MODE = wholemodule;
				SWIFT_OPTIMIZATION_LEVEL = "-O";
				VALIDATE_PRODUCT = YES;
			};
			name = Release;
		};
		AAFC450926F53A4C0098F1E9 /* Debug */ = {
			isa = XCBuildConfiguration;
			buildSettings = {
				ASSETCATALOG_COMPILER_APPICON_NAME = AppIcon;
				ASSETCATALOG_COMPILER_GLOBAL_ACCENT_COLOR_NAME = AccentColor;
				CODE_SIGN_STYLE = Automatic;
				DEVELOPMENT_ASSET_PATHS = "\"Devote/Preview Content\"";
				DEVELOPMENT_TEAM = LGXZ6FD927;
				ENABLE_PREVIEWS = YES;
				INFOPLIST_FILE = Devote/Info.plist;
				IPHONEOS_DEPLOYMENT_TARGET = 14.0;
				LD_RUNPATH_SEARCH_PATHS = (
					"$(inherited)",
					"@executable_path/Frameworks",
				);
				PRODUCT_BUNDLE_IDENTIFIER = com.lukasz.klimkiewicz.Devote;
				PRODUCT_NAME = "$(TARGET_NAME)";
				SWIFT_VERSION = 5.0;
				TARGETED_DEVICE_FAMILY = "1,2";
			};
			name = Debug;
		};
		AAFC450A26F53A4C0098F1E9 /* Release */ = {
			isa = XCBuildConfiguration;
			buildSettings = {
				ASSETCATALOG_COMPILER_APPICON_NAME = AppIcon;
				ASSETCATALOG_COMPILER_GLOBAL_ACCENT_COLOR_NAME = AccentColor;
				CODE_SIGN_STYLE = Automatic;
				DEVELOPMENT_ASSET_PATHS = "\"Devote/Preview Content\"";
				DEVELOPMENT_TEAM = LGXZ6FD927;
				ENABLE_PREVIEWS = YES;
				INFOPLIST_FILE = Devote/Info.plist;
				IPHONEOS_DEPLOYMENT_TARGET = 14.0;
				LD_RUNPATH_SEARCH_PATHS = (
					"$(inherited)",
					"@executable_path/Frameworks",
				);
				PRODUCT_BUNDLE_IDENTIFIER = com.lukasz.klimkiewicz.Devote;
				PRODUCT_NAME = "$(TARGET_NAME)";
				SWIFT_VERSION = 5.0;
				TARGETED_DEVICE_FAMILY = "1,2";
			};
			name = Release;
		};
/* End XCBuildConfiguration section */

/* Begin XCConfigurationList section */
		AAFC44EF26F53A4B0098F1E9 /* Build configuration list for PBXProject "Devote" */ = {
			isa = XCConfigurationList;
			buildConfigurations = (
				AAFC450626F53A4C0098F1E9 /* Debug */,
				AAFC450726F53A4C0098F1E9 /* Release */,
			);
			defaultConfigurationIsVisible = 0;
			defaultConfigurationName = Release;
		};
		AAFC450826F53A4C0098F1E9 /* Build configuration list for PBXNativeTarget "Devote" */ = {
			isa = XCConfigurationList;
			buildConfigurations = (
				AAFC450926F53A4C0098F1E9 /* Debug */,
				AAFC450A26F53A4C0098F1E9 /* Release */,
			);
			defaultConfigurationIsVisible = 0;
			defaultConfigurationName = Release;
		};
/* End XCConfigurationList section */

/* Begin XCVersionGroup section */
		AAFC450226F53A4C0098F1E9 /* Devote.xcdatamodeld */ = {
			isa = XCVersionGroup;
			children = (
				AAFC450326F53A4C0098F1E9 /* Devote.xcdatamodel */,
			);
			currentVersion = AAFC450326F53A4C0098F1E9 /* Devote.xcdatamodel */;
			path = Devote.xcdatamodeld;
			sourceTree = "<group>";
			versionGroupType = wrapper.xcdatamodel;
		};
/* End XCVersionGroup section */
	};
	rootObject = AAFC44EC26F53A4B0098F1E9 /* Project object */;
}
